
Microsoft Visual Studio Solution File, Format Version 12.00
# Visual Studio 2012
Project("{2150E333-8FDC-42A3-9474-1A3956D46DE8}") = "Solution Items", "Solution Items", "{F4CD1716-19FF-4503-B7F1-EAF071CBE7B3}"
	ProjectSection(SolutionItems) = preProject
		packages\RabbitMQ.Client.3.2.1\lib\net20\RabbitMQ.Client.dll = packages\RabbitMQ.Client.3.2.1\lib\net20\RabbitMQ.Client.dll
		SetupRabbit.bat = SetupRabbit.bat
		SetupRabbitMQ.ps1 = SetupRabbitMQ.ps1
	EndProjectSection
EndProject
Global
	GlobalSection(SolutionProperties) = preSolution
		HideSolutionNode = FALSE
	EndGlobalSection
EndGlobal
