
Microsoft Visual Studio Solution File, Format Version 12.00
# Visual Studio 2012
Project("{2150E333-8FDC-42A3-9474-1A3956D46DE8}") = "Solution Items", "Solution Items", "{F4CD1716-19FF-4503-B7F1-EAF071CBE7B3}"
	ProjectSection(SolutionItems) = preProject
		packages\RabbitMQ.Client.3.2.1\lib\net20\RabbitMQ.Client.dll = packages\RabbitMQ.Client.3.2.1\lib\net20\RabbitMQ.Client.dll
		SetupRabbit.bat = SetupRabbit.bat
		SetupRabbitMQ.ps1 = SetupRabbitMQ.ps1
	EndProjectSection
EndProject
Project("{FAE04EC0-301F-11D3-BF4B-00C04F79EFBC}") = "Client", "Client\Client.csproj", "{128088DB-8D79-4522-9C56-F9DA76C704E8}"
EndProject
Global
	GlobalSection(SolutionConfigurationPlatforms) = preSolution
		Debug|Any CPU = Debug|Any CPU
		Release|Any CPU = Release|Any CPU
	EndGlobalSection
	GlobalSection(ProjectConfigurationPlatforms) = postSolution
		{128088DB-8D79-4522-9C56-F9DA76C704E8}.Debug|Any CPU.ActiveCfg = Debug|Any CPU
		{128088DB-8D79-4522-9C56-F9DA76C704E8}.Debug|Any CPU.Build.0 = Debug|Any CPU
		{128088DB-8D79-4522-9C56-F9DA76C704E8}.Release|Any CPU.ActiveCfg = Release|Any CPU
		{128088DB-8D79-4522-9C56-F9DA76C704E8}.Release|Any CPU.Build.0 = Release|Any CPU
	EndGlobalSection
	GlobalSection(SolutionProperties) = preSolution
		HideSolutionNode = FALSE
	EndGlobalSection
EndGlobal
